{
  "originHash" : "312f2a1d8e8e891b0b44fc102af612fd13a1e5bad850a6658e1451fe0c947fc3",
  "pins" : [
    {
      "identity" : "capacitor-swift-pm",
      "kind" : "remoteSourceControl",
      "location" : "https://github.com/ionic-team/capacitor-swift-pm.git",
      "state" : {
        "revision" : "0b6882e9a3288342aacf36348e5a94e4f1dd7b13",
        "version" : "8.5.2"
      }
    },
    {
      "identity" : "osbarcodelib-ios",
      "kind" : "remoteSourceControl",
      "location" : "https://github.com/OutSystems/OSBarcodeLib-iOS.git",
      "state" : {
        "revision" : "7f9d166289c10601bfbed95cd3ec56019870ce1b",
        "version" : "2.2.1"
      }
    }
  ],
  "version" : 3
}
